
Microsoft Visual Studio Solution File, Format Version 12.00
Project("{FAE04EC0-301F-11D3-BF4B-00C04F79EFBC}") = "ObserverDesignPattern - Updated", "ObserverDesignPattern - Updated.csproj", "{D49626D1-592E-4CA3-A4A8-F4F6A750E3CE}"
EndProject
Global
	GlobalSection(SolutionConfigurationPlatforms) = preSolution
		Debug|Any CPU = Debug|Any CPU
		Release|Any CPU = Release|Any CPU
	EndGlobalSection
	GlobalSection(ProjectConfigurationPlatforms) = postSolution
		{D49626D1-592E-4CA3-A4A8-F4F6A750E3CE}.Debug|Any CPU.ActiveCfg = Debug|Any CPU
		{D49626D1-592E-4CA3-A4A8-F4F6A750E3CE}.Debug|Any CPU.Build.0 = Debug|Any CPU
		{D49626D1-592E-4CA3-A4A8-F4F6A750E3CE}.Release|Any CPU.ActiveCfg = Release|Any CPU
		{D49626D1-592E-4CA3-A4A8-F4F6A750E3CE}.Release|Any CPU.Build.0 = Release|Any CPU
	EndGlobalSection
EndGlobal
