
Microsoft Visual Studio Solution File, Format Version 12.00
Project("{FAE04EC0-301F-11D3-BF4B-00C04F79EFBC}") = "Singleton1", "Singleton1.csproj", "{45DB3868-685E-4EC7-B36C-397E7A3C8FAB}"
EndProject
Global
	GlobalSection(SolutionConfigurationPlatforms) = preSolution
		Debug|Any CPU = Debug|Any CPU
		Release|Any CPU = Release|Any CPU
	EndGlobalSection
	GlobalSection(ProjectConfigurationPlatforms) = postSolution
		{45DB3868-685E-4EC7-B36C-397E7A3C8FAB}.Debug|Any CPU.ActiveCfg = Debug|Any CPU
		{45DB3868-685E-4EC7-B36C-397E7A3C8FAB}.Debug|Any CPU.Build.0 = Debug|Any CPU
		{45DB3868-685E-4EC7-B36C-397E7A3C8FAB}.Release|Any CPU.ActiveCfg = Release|Any CPU
		{45DB3868-685E-4EC7-B36C-397E7A3C8FAB}.Release|Any CPU.Build.0 = Release|Any CPU
	EndGlobalSection
EndGlobal
